// !$*UTF8*$!
{
	archiveVersion = 1;
	classes = {
	};
	objectVersion = 46;
	objects = {

/* Begin PBXBuildFile section */
		5910F5B11447C11B004B16C5 /* Foundation.framework in Frameworks */ = {isa = PBXBuildFile; fileRef = 5910F5B01447C11B004B16C5 /* Foundation.framework */; };
		5910F5B31447C11B004B16C5 /* UIKit.framework in Frameworks */ = {isa = PBXBuildFile; fileRef = 5910F5B21447C11B004B16C5 /* UIKit.framework */; };
		5910F5B51447C11B004B16C5 /* CoreGraphics.framework in Frameworks */ = {isa = PBXBuildFile; fileRef = 5910F5B41447C11B004B16C5 /* CoreGraphics.framework */; };
		5910F5B71447C11B004B16C5 /* AddressBook.framework in Frameworks */ = {isa = PBXBuildFile; fileRef = 5910F5B61447C11B004B16C5 /* AddressBook.framework */; };
		5910F5B91447C11B004B16C5 /* AddressBookUI.framework in Frameworks */ = {isa = PBXBuildFile; fileRef = 5910F5B81447C11B004B16C5 /* AddressBookUI.framework */; };
		5910F5BB1447C11B004B16C5 /* AudioToolbox.framework in Frameworks */ = {isa = PBXBuildFile; fileRef = 5910F5BA1447C11B004B16C5 /* AudioToolbox.framework */; };
		5910F5BD1447C11B004B16C5 /* AVFoundation.framework in Frameworks */ = {isa = PBXBuildFile; fileRef = 5910F5BC1447C11B004B16C5 /* AVFoundation.framework */; };
		5910F5BF1447C11B004B16C5 /* CoreLocation.framework in Frameworks */ = {isa = PBXBuildFile; fileRef = 5910F5BE1447C11B004B16C5 /* CoreLocation.framework */; };
		5910F5C11447C11B004B16C5 /* MediaPlayer.framework in Frameworks */ = {isa = PBXBuildFile; fileRef = 5910F5C01447C11B004B16C5 /* MediaPlayer.framework */; };
		5910F5C31447C11B004B16C5 /* QuartzCore.framework in Frameworks */ = {isa = PBXBuildFile; fileRef = 5910F5C21447C11B004B16C5 /* QuartzCore.framework */; };
		5910F5C51447C11B004B16C5 /* SystemConfiguration.framework in Frameworks */ = {isa = PBXBuildFile; fileRef = 5910F5C41447C11B004B16C5 /* SystemConfiguration.framework */; };
		5910F5C71447C11B004B16C5 /* MobileCoreServices.framework in Frameworks */ = {isa = PBXBuildFile; fileRef = 5910F5C61447C11B004B16C5 /* MobileCoreServices.framework */; };
		5910F5C91447C11B004B16C5 /* CoreMedia.framework in Frameworks */ = {isa = PBXBuildFile; fileRef = 5910F5C81447C11B004B16C5 /* CoreMedia.framework */; };
		5910F5CF1447C11B004B16C5 /* InfoPlist.strings in Resources */ = {isa = PBXBuildFile; fileRef = 5910F5CD1447C11B004B16C5 /* InfoPlist.strings */; };
		5910F5D11447C11B004B16C5 /* main.m in Sources */ = {isa = PBXBuildFile; fileRef = 5910F5D01447C11B004B16C5 /* main.m */; };
		5910F5D41447C11B004B16C5 /* PhoneGap.framework in Frameworks */ = {isa = PBXBuildFile; fileRef = 5910F5D31447C11B004B16C5 /* PhoneGap.framework */; };
		5910F5D91447C11B004B16C5 /* Localizable.strings in Resources */ = {isa = PBXBuildFile; fileRef = 5910F5D71447C11B004B16C5 /* Localizable.strings */; };
		5910F5DD1447C11B004B16C5 /* Localizable.strings in Resources */ = {isa = PBXBuildFile; fileRef = 5910F5DB1447C11B004B16C5 /* Localizable.strings */; };
		5910F5E01447C11B004B16C5 /* icon.png in Resources */ = {isa = PBXBuildFile; fileRef = 5910F5DF1447C11B004B16C5 /* icon.png */; };
		5910F5E21447C11B004B16C5 /* icon@2x.png in Resources */ = {isa = PBXBuildFile; fileRef = 5910F5E11447C11B004B16C5 /* icon@2x.png */; };
		5910F5E41447C11B004B16C5 /* icon-72.png in Resources */ = {isa = PBXBuildFile; fileRef = 5910F5E31447C11B004B16C5 /* icon-72.png */; };
		5910F5E71447C11B004B16C5 /* Default.png in Resources */ = {isa = PBXBuildFile; fileRef = 5910F5E61447C11B004B16C5 /* Default.png */; };
		5910F5E91447C11B004B16C5 /* Default@2x.png in Resources */ = {isa = PBXBuildFile; fileRef = 5910F5E81447C11B004B16C5 /* Default@2x.png */; };
		5910F5EB1447C11B004B16C5 /* Capture.bundle in Resources */ = {isa = PBXBuildFile; fileRef = 5910F5EA1447C11B004B16C5 /* Capture.bundle */; };
		5910F5ED1447C11B004B16C5 /* PhoneGap.plist in Resources */ = {isa = PBXBuildFile; fileRef = 5910F5EC1447C11B004B16C5 /* PhoneGap.plist */; };
		5910F5F11447C11B004B16C5 /* AppDelegate.m in Sources */ = {isa = PBXBuildFile; fileRef = 5910F5F01447C11B004B16C5 /* AppDelegate.m */; };
		5910F5FA1447C264004B16C5 /* www in Resources */ = {isa = PBXBuildFile; fileRef = 5910F5F91447C264004B16C5 /* www */; };
/* End PBXBuildFile section */

/* Begin PBXFileReference section */
		5910F5AC1447C11B004B16C5 /* ContactChooser.app */ = {isa = PBXFileReference; explicitFileType = wrapper.application; includeInIndex = 0; path = ContactChooser.app; sourceTree = BUILT_PRODUCTS_DIR; };
		5910F5B01447C11B004B16C5 /* Foundation.framework */ = {isa = PBXFileReference; lastKnownFileType = wrapper.framework; name = Foundation.framework; path = System/Library/Frameworks/Foundation.framework; sourceTree = SDKROOT; };
		5910F5B21447C11B004B16C5 /* UIKit.framework */ = {isa = PBXFileReference; lastKnownFileType = wrapper.framework; name = UIKit.framework; path = System/Library/Frameworks/UIKit.framework; sourceTree = SDKROOT; };
		5910F5B41447C11B004B16C5 /* CoreGraphics.framework */ = {isa = PBXFileReference; lastKnownFileType = wrapper.framework; name = CoreGraphics.framework; path = System/Library/Frameworks/CoreGraphics.framework; sourceTree = SDKROOT; };
		5910F5B61447C11B004B16C5 /* AddressBook.framework */ = {isa = PBXFileReference; lastKnownFileType = wrapper.framework; name = AddressBook.framework; path = System/Library/Frameworks/AddressBook.framework; sourceTree = SDKROOT; };
		5910F5B81447C11B004B16C5 /* AddressBookUI.framework */ = {isa = PBXFileReference; lastKnownFileType = wrapper.framework; name = AddressBookUI.framework; path = System/Library/Frameworks/AddressBookUI.framework; sourceTree = SDKROOT; };
		5910F5BA1447C11B004B16C5 /* AudioToolbox.framework */ = {isa = PBXFileReference; lastKnownFileType = wrapper.framework; name = AudioToolbox.framework; path = System/Library/Frameworks/AudioToolbox.framework; sourceTree = SDKROOT; };
		5910F5BC1447C11B004B16C5 /* AVFoundation.framework */ = {isa = PBXFileReference; lastKnownFileType = wrapper.framework; name = AVFoundation.framework; path = System/Library/Frameworks/AVFoundation.framework; sourceTree = SDKROOT; };
		5910F5BE1447C11B004B16C5 /* CoreLocation.framework */ = {isa = PBXFileReference; lastKnownFileType = wrapper.framework; name = CoreLocation.framework; path = System/Library/Frameworks/CoreLocation.framework; sourceTree = SDKROOT; };
		5910F5C01447C11B004B16C5 /* MediaPlayer.framework */ = {isa = PBXFileReference; lastKnownFileType = wrapper.framework; name = MediaPlayer.framework; path = System/Library/Frameworks/MediaPlayer.framework; sourceTree = SDKROOT; };
		5910F5C21447C11B004B16C5 /* QuartzCore.framework */ = {isa = PBXFileReference; lastKnownFileType = wrapper.framework; name = QuartzCore.framework; path = System/Library/Frameworks/QuartzCore.framework; sourceTree = SDKROOT; };
		5910F5C41447C11B004B16C5 /* SystemConfiguration.framework */ = {isa = PBXFileReference; lastKnownFileType = wrapper.framework; name = SystemConfiguration.framework; path = System/Library/Frameworks/SystemConfiguration.framework; sourceTree = SDKROOT; };
		5910F5C61447C11B004B16C5 /* MobileCoreServices.framework */ = {isa = PBXFileReference; lastKnownFileType = wrapper.framework; name = MobileCoreServices.framework; path = System/Library/Frameworks/MobileCoreServices.framework; sourceTree = SDKROOT; };
		5910F5C81447C11B004B16C5 /* CoreMedia.framework */ = {isa = PBXFileReference; lastKnownFileType = wrapper.framework; name = CoreMedia.framework; path = System/Library/Frameworks/CoreMedia.framework; sourceTree = SDKROOT; };
		5910F5CC1447C11B004B16C5 /* ContactChooser-Info.plist */ = {isa = PBXFileReference; lastKnownFileType = text.plist.xml; path = "ContactChooser-Info.plist"; sourceTree = "<group>"; };
		5910F5CE1447C11B004B16C5 /* en */ = {isa = PBXFileReference; lastKnownFileType = text.plist.strings; name = en; path = en.lproj/InfoPlist.strings; sourceTree = "<group>"; };
		5910F5D01447C11B004B16C5 /* main.m */ = {isa = PBXFileReference; lastKnownFileType = sourcecode.c.objc; path = main.m; sourceTree = "<group>"; };
		5910F5D21447C11B004B16C5 /* ContactChooser-Prefix.pch */ = {isa = PBXFileReference; lastKnownFileType = sourcecode.c.h; path = "ContactChooser-Prefix.pch"; sourceTree = "<group>"; };
		5910F5D31447C11B004B16C5 /* PhoneGap.framework */ = {isa = PBXFileReference; lastKnownFileType = wrapper.framework; name = PhoneGap.framework; path = /Users/Shared/PhoneGap/Frameworks/PhoneGap.framework; sourceTree = "<absolute>"; };
		5910F5D81447C11B004B16C5 /* en */ = {isa = PBXFileReference; lastKnownFileType = text.plist.strings; name = en; path = Resources/en.lproj/Localizable.strings; sourceTree = "<group>"; };
		5910F5DC1447C11B004B16C5 /* es */ = {isa = PBXFileReference; lastKnownFileType = text.plist.strings; name = es; path = Resources/es.lproj/Localizable.strings; sourceTree = "<group>"; };
		5910F5DF1447C11B004B16C5 /* icon.png */ = {isa = PBXFileReference; lastKnownFileType = image.png; name = icon.png; path = Resources/icons/icon.png; sourceTree = "<group>"; };
		5910F5E11447C11B004B16C5 /* icon@2x.png */ = {isa = PBXFileReference; lastKnownFileType = image.png; name = "icon@2x.png"; path = "Resources/icons/icon@2x.png"; sourceTree = "<group>"; };
		5910F5E31447C11B004B16C5 /* icon-72.png */ = {isa = PBXFileReference; lastKnownFileType = image.png; name = "icon-72.png"; path = "Resources/icons/icon-72.png"; sourceTree = "<group>"; };
		5910F5E61447C11B004B16C5 /* Default.png */ = {isa = PBXFileReference; lastKnownFileType = image.png; name = Default.png; path = Resources/splash/Default.png; sourceTree = "<group>"; };
		5910F5E81447C11B004B16C5 /* Default@2x.png */ = {isa = PBXFileReference; lastKnownFileType = image.png; name = "Default@2x.png"; path = "Resources/splash/Default@2x.png"; sourceTree = "<group>"; };
		5910F5EA1447C11B004B16C5 /* Capture.bundle */ = {isa = PBXFileReference; lastKnownFileType = "wrapper.plug-in"; name = Capture.bundle; path = Resources/Capture.bundle; sourceTree = "<group>"; };
		5910F5EC1447C11B004B16C5 /* PhoneGap.plist */ = {isa = PBXFileReference; lastKnownFileType = text.plist.xml; path = PhoneGap.plist; sourceTree = "<group>"; };
		5910F5EF1447C11B004B16C5 /* AppDelegate.h */ = {isa = PBXFileReference; lastKnownFileType = sourcecode.c.h; name = AppDelegate.h; path = Classes/AppDelegate.h; sourceTree = "<group>"; };
		5910F5F01447C11B004B16C5 /* AppDelegate.m */ = {isa = PBXFileReference; lastKnownFileType = sourcecode.c.objc; name = AppDelegate.m; path = Classes/AppDelegate.m; sourceTree = "<group>"; };
		5910F5F31447C11B004B16C5 /* README */ = {isa = PBXFileReference; lastKnownFileType = text; name = README; path = Plugins/README; sourceTree = "<group>"; };
		5910F5F91447C264004B16C5 /* www */ = {isa = PBXFileReference; lastKnownFileType = folder; path = www; sourceTree = "<group>"; };
/* End PBXFileReference section */

/* Begin PBXFrameworksBuildPhase section */
		5910F5A61447C11B004B16C5 /* Frameworks */ = {
			isa = PBXFrameworksBuildPhase;
			buildActionMask = 2147483647;
			files = (
				5910F5B11447C11B004B16C5 /* Foundation.framework in Frameworks */,
				5910F5B31447C11B004B16C5 /* UIKit.framework in Frameworks */,
				5910F5B51447C11B004B16C5 /* CoreGraphics.framework in Frameworks */,
				5910F5B71447C11B004B16C5 /* AddressBook.framework in Frameworks */,
				5910F5B91447C11B004B16C5 /* AddressBookUI.framework in Frameworks */,
				5910F5BB1447C11B004B16C5 /* AudioToolbox.framework in Frameworks */,
				5910F5BD1447C11B004B16C5 /* AVFoundation.framework in Frameworks */,
				5910F5BF1447C11B004B16C5 /* CoreLocation.framework in Frameworks */,
				5910F5C11447C11B004B16C5 /* MediaPlayer.framework in Frameworks */,
				5910F5C31447C11B004B16C5 /* QuartzCore.framework in Frameworks */,
				5910F5C51447C11B004B16C5 /* SystemConfiguration.framework in Frameworks */,
				5910F5C71447C11B004B16C5 /* MobileCoreServices.framework in Frameworks */,
				5910F5C91447C11B004B16C5 /* CoreMedia.framework in Frameworks */,
				5910F5D41447C11B004B16C5 /* PhoneGap.framework in Frameworks */,
			);
			runOnlyForDeploymentPostprocessing = 0;
		};
		5910F5A91447C11B004B16C5 /* Frameworks */ = {
			isa = PBXFrameworksBuildPhase;
			buildActionMask = 2147483647;
			files = (
			);
			runOnlyForDeploymentPostprocessing = 0;
		};
/* End PBXFrameworksBuildPhase section */

/* Begin PBXGroup section */
		5910F59E1447C11B004B16C5 = {
			isa = PBXGroup;
			children = (
				5910F5F91447C264004B16C5 /* www */,
				5910F5CA1447C11B004B16C5 /* ContactChooser */,
				5910F5AF1447C11B004B16C5 /* Frameworks */,
				5910F5AD1447C11B004B16C5 /* Products */,
			);
			sourceTree = "<group>";
		};
		5910F5AD1447C11B004B16C5 /* Products */ = {
			isa = PBXGroup;
			children = (
				5910F5AC1447C11B004B16C5 /* ContactChooser.app */,
			);
			name = Products;
			sourceTree = "<group>";
		};
		5910F5AF1447C11B004B16C5 /* Frameworks */ = {
			isa = PBXGroup;
			children = (
				5910F5B01447C11B004B16C5 /* Foundation.framework */,
				5910F5B21447C11B004B16C5 /* UIKit.framework */,
				5910F5B41447C11B004B16C5 /* CoreGraphics.framework */,
				5910F5B61447C11B004B16C5 /* AddressBook.framework */,
				5910F5B81447C11B004B16C5 /* AddressBookUI.framework */,
				5910F5BA1447C11B004B16C5 /* AudioToolbox.framework */,
				5910F5BC1447C11B004B16C5 /* AVFoundation.framework */,
				5910F5BE1447C11B004B16C5 /* CoreLocation.framework */,
				5910F5C01447C11B004B16C5 /* MediaPlayer.framework */,
				5910F5C21447C11B004B16C5 /* QuartzCore.framework */,
				5910F5C41447C11B004B16C5 /* SystemConfiguration.framework */,
				5910F5C61447C11B004B16C5 /* MobileCoreServices.framework */,
				5910F5C81447C11B004B16C5 /* CoreMedia.framework */,
			);
			name = Frameworks;
			sourceTree = "<group>";
		};
		5910F5CA1447C11B004B16C5 /* ContactChooser */ = {
			isa = PBXGroup;
			children = (
				5910F5D31447C11B004B16C5 /* PhoneGap.framework */,
				5910F5D51447C11B004B16C5 /* Resources */,
				5910F5EE1447C11B004B16C5 /* Classes */,
				5910F5F21447C11B004B16C5 /* Plugins */,
				5910F5CB1447C11B004B16C5 /* Supporting Files */,
			);
			path = ContactChooser;
			sourceTree = "<group>";
		};
		5910F5CB1447C11B004B16C5 /* Supporting Files */ = {
			isa = PBXGroup;
			children = (
				5910F5CC1447C11B004B16C5 /* ContactChooser-Info.plist */,
				5910F5CD1447C11B004B16C5 /* InfoPlist.strings */,
				5910F5D01447C11B004B16C5 /* main.m */,
				5910F5D21447C11B004B16C5 /* ContactChooser-Prefix.pch */,
				5910F5EC1447C11B004B16C5 /* PhoneGap.plist */,
			);
			name = "Supporting Files";
			sourceTree = "<group>";
		};
		5910F5D51447C11B004B16C5 /* Resources */ = {
			isa = PBXGroup;
			children = (
				5910F5EA1447C11B004B16C5 /* Capture.bundle */,
				5910F5D61447C11B004B16C5 /* en.lproj */,
				5910F5DA1447C11B004B16C5 /* es.lproj */,
				5910F5DE1447C11B004B16C5 /* icons */,
				5910F5E51447C11B004B16C5 /* splash */,
			);
			name = Resources;
			sourceTree = "<group>";
		};
		5910F5D61447C11B004B16C5 /* en.lproj */ = {
			isa = PBXGroup;
			children = (
				5910F5D71447C11B004B16C5 /* Localizable.strings */,
			);
			name = en.lproj;
			sourceTree = "<group>";
		};
		5910F5DA1447C11B004B16C5 /* es.lproj */ = {
			isa = PBXGroup;
			children = (
				5910F5DB1447C11B004B16C5 /* Localizable.strings */,
			);
			name = es.lproj;
			sourceTree = "<group>";
		};
		5910F5DE1447C11B004B16C5 /* icons */ = {
			isa = PBXGroup;
			children = (
				5910F5DF1447C11B004B16C5 /* icon.png */,
				5910F5E11447C11B004B16C5 /* icon@2x.png */,
				5910F5E31447C11B004B16C5 /* icon-72.png */,
			);
			name = icons;
			sourceTree = "<group>";
		};
		5910F5E51447C11B004B16C5 /* splash */ = {
			isa = PBXGroup;
			children = (
				5910F5E61447C11B004B16C5 /* Default.png */,
				5910F5E81447C11B004B16C5 /* Default@2x.png */,
			);
			name = splash;
			sourceTree = "<group>";
		};
		5910F5EE1447C11B004B16C5 /* Classes */ = {
			isa = PBXGroup;
			children = (
				5910F5EF1447C11B004B16C5 /* AppDelegate.h */,
				5910F5F01447C11B004B16C5 /* AppDelegate.m */,
			);
			name = Classes;
			sourceTree = "<group>";
		};
		5910F5F21447C11B004B16C5 /* Plugins */ = {
			isa = PBXGroup;
			children = (
				5910F5F31447C11B004B16C5 /* README */,
			);
			name = Plugins;
			sourceTree = "<group>";
		};
/* End PBXGroup section */

/* Begin PBXNativeTarget section */
		5910F5AB1447C11B004B16C5 /* ContactChooser */ = {
			isa = PBXNativeTarget;
			buildConfigurationList = 5910F5F61447C11B004B16C5 /* Build configuration list for PBXNativeTarget "ContactChooser" */;
			buildPhases = (
				5910F5A51447C11B004B16C5 /* Sources */,
				5910F5A61447C11B004B16C5 /* Frameworks */,
				5910F5A71447C11B004B16C5 /* Resources */,
				5910F5A81447C11B004B16C5 /* Sources */,
				5910F5A91447C11B004B16C5 /* Frameworks */,
				5910F5AA1447C11B004B16C5 /* ShellScript */,
			);
			buildRules = (
			);
			dependencies = (
			);
			name = ContactChooser;
			productName = ContactChooser;
			productReference = 5910F5AC1447C11B004B16C5 /* ContactChooser.app */;
			productType = "com.apple.product-type.application";
		};
/* End PBXNativeTarget section */

/* Begin PBXProject section */
		5910F5A01447C11B004B16C5 /* Project object */ = {
			isa = PBXProject;
			buildConfigurationList = 5910F5A31447C11B004B16C5 /* Build configuration list for PBXProject "ContactChooser" */;
			compatibilityVersion = "Xcode 3.2";
			developmentRegion = English;
			hasScannedForEncodings = 0;
			knownRegions = (
				en,
				es,
			);
			mainGroup = 5910F59E1447C11B004B16C5;
			productRefGroup = 5910F5AD1447C11B004B16C5 /* Products */;
			projectDirPath = "";
			projectRoot = "";
			targets = (
				5910F5AB1447C11B004B16C5 /* ContactChooser */,
			);
		};
/* End PBXProject section */

/* Begin PBXResourcesBuildPhase section */
		5910F5A71447C11B004B16C5 /* Resources */ = {
			isa = PBXResourcesBuildPhase;
			buildActionMask = 2147483647;
			files = (
				5910F5CF1447C11B004B16C5 /* InfoPlist.strings in Resources */,
				5910F5D91447C11B004B16C5 /* Localizable.strings in Resources */,
				5910F5DD1447C11B004B16C5 /* Localizable.strings in Resources */,
				5910F5E01447C11B004B16C5 /* icon.png in Resources */,
				5910F5E21447C11B004B16C5 /* icon@2x.png in Resources */,
				5910F5E41447C11B004B16C5 /* icon-72.png in Resources */,
				5910F5E71447C11B004B16C5 /* Default.png in Resources */,
				5910F5E91447C11B004B16C5 /* Default@2x.png in Resources */,
				5910F5EB1447C11B004B16C5 /* Capture.bundle in Resources */,
				5910F5ED1447C11B004B16C5 /* PhoneGap.plist in Resources */,
				5910F5FA1447C264004B16C5 /* www in Resources */,
			);
			runOnlyForDeploymentPostprocessing = 0;
		};
/* End PBXResourcesBuildPhase section */

/* Begin PBXShellScriptBuildPhase section */
		5910F5AA1447C11B004B16C5 /* ShellScript */ = {
			isa = PBXShellScriptBuildPhase;
			buildActionMask = 2147483647;
			files = (
			);
			inputPaths = (
			);
			outputPaths = (
			);
			runOnlyForDeploymentPostprocessing = 0;
			shellPath = /bin/bash;
			shellScript = "\n\t\t\t\t\t\t\t\tif [ ! -d \"$PROJECT_DIR/www\" ] ; then\n\t\t\t\t\t\t\t\t\tcp -R /Users/Shared/PhoneGap/Frameworks/PhoneGap.framework/www \"$PROJECT_DIR\"\n\t\t\t\t\t\t\t\tfi\n\t\t\t\t\t\t\t\t# detect www folder reference in project, if missing, print warning\n\t\t\t\t\t\t\t\tgrep \"{isa = PBXFileReference; lastKnownFileType = folder; path = www; sourceTree = \\\"<group>\\\"; };\" \"$PROJECT_DIR/$PROJECT_NAME.xcodeproj/project.pbxproj\"\n\t\t\t\t\t\t\t\trc=$? \n\t\t\t\t\t\t\t\tif [ $rc != 0 ] ; then\n\t\t\t\t\t\t\t\techo -e \"warning: Missing - Add $PROJECT_DIR/www as a folder reference in your project. Just drag and drop the folder into your project, into the Project Navigator of Xcode 4. Make sure you select the second radio-button: 'Create folder references for any added folders' (which will create a blue folder)\" 1>&2\n\t\t\t\t\t\t\t\tfi\t\t\t\t\t\t\t";
		};
/* End PBXShellScriptBuildPhase section */

/* Begin PBXSourcesBuildPhase section */
		5910F5A51447C11B004B16C5 /* Sources */ = {
			isa = PBXSourcesBuildPhase;
			buildActionMask = 2147483647;
			files = (
				5910F5D11447C11B004B16C5 /* main.m in Sources */,
				5910F5F11447C11B004B16C5 /* AppDelegate.m in Sources */,
			);
			runOnlyForDeploymentPostprocessing = 0;
		};
		5910F5A81447C11B004B16C5 /* Sources */ = {
			isa = PBXSourcesBuildPhase;
			buildActionMask = 2147483647;
			files = (
			);
			runOnlyForDeploymentPostprocessing = 0;
		};
/* End PBXSourcesBuildPhase section */

/* Begin PBXVariantGroup section */
		5910F5CD1447C11B004B16C5 /* InfoPlist.strings */ = {
			isa = PBXVariantGroup;
			children = (
				5910F5CE1447C11B004B16C5 /* en */,
			);
			name = InfoPlist.strings;
			sourceTree = "<group>";
		};
		5910F5D71447C11B004B16C5 /* Localizable.strings */ = {
			isa = PBXVariantGroup;
			children = (
				5910F5D81447C11B004B16C5 /* en */,
			);
			name = Localizable.strings;
			sourceTree = "<group>";
		};
		5910F5DB1447C11B004B16C5 /* Localizable.strings */ = {
			isa = PBXVariantGroup;
			children = (
				5910F5DC1447C11B004B16C5 /* es */,
			);
			name = Localizable.strings;
			sourceTree = "<group>";
		};
/* End PBXVariantGroup section */

/* Begin XCBuildConfiguration section */
		5910F5F41447C11B004B16C5 /* Debug */ = {
			isa = XCBuildConfiguration;
			buildSettings = {
				ALWAYS_SEARCH_USER_PATHS = NO;
				ARCHS = "$(ARCHS_STANDARD_32_BIT)";
				"CODE_SIGN_IDENTITY[sdk=iphoneos*]" = "iPhone Developer";
				COPY_PHASE_STRIP = NO;
				GCC_C_LANGUAGE_STANDARD = gnu99;
				GCC_DYNAMIC_NO_PIC = NO;
				GCC_OPTIMIZATION_LEVEL = 0;
				GCC_PREPROCESSOR_DEFINITIONS = (
					"DEBUG=1",
					"$(inherited)",
				);
				GCC_SYMBOLS_PRIVATE_EXTERN = NO;
				GCC_VERSION = com.apple.compilers.llvmgcc42;
				GCC_WARN_ABOUT_MISSING_PROTOTYPES = YES;
				GCC_WARN_ABOUT_RETURN_TYPE = YES;
				GCC_WARN_UNUSED_VARIABLE = YES;
				IPHONEOS_DEPLOYMENT_TARGET = 3.0;
				SDKROOT = iphoneos;
			};
			name = Debug;
		};
		5910F5F51447C11B004B16C5 /* Release */ = {
			isa = XCBuildConfiguration;
			buildSettings = {
				ALWAYS_SEARCH_USER_PATHS = NO;
				ARCHS = "$(ARCHS_STANDARD_32_BIT)";
				"CODE_SIGN_IDENTITY[sdk=iphoneos*]" = "iPhone Developer";
				COPY_PHASE_STRIP = YES;
				GCC_C_LANGUAGE_STANDARD = gnu99;
				GCC_VERSION = com.apple.compilers.llvmgcc42;
				GCC_WARN_ABOUT_MISSING_PROTOTYPES = YES;
				GCC_WARN_ABOUT_RETURN_TYPE = YES;
				GCC_WARN_UNUSED_VARIABLE = YES;
				IPHONEOS_DEPLOYMENT_TARGET = 3.0;
				SDKROOT = iphoneos;
				VALIDATE_PRODUCT = YES;
			};
			name = Release;
		};
		5910F5F71447C11B004B16C5 /* Debug */ = {
			isa = XCBuildConfiguration;
			buildSettings = {
				ALWAYS_SEARCH_USER_PATHS = YES;
				COPY_PHASE_STRIP = NO;
				FRAMEWORK_SEARCH_PATHS = /Users/Shared/PhoneGap/Frameworks;
				GCC_DYNAMIC_NO_PIC = NO;
				GCC_PRECOMPILE_PREFIX_HEADER = YES;
				GCC_PREFIX_HEADER = "ContactChooser/ContactChooser-Prefix.pch";
				GCC_PREPROCESSOR_DEFINITIONS = "PHONEGAP_FRAMEWORK=YES";
				INFOPLIST_FILE = "ContactChooser/ContactChooser-Info.plist";
				OTHER_LDFLAGS = (
					"-weak_framework",
					UIKit,
					"-weak_framework",
					AVFoundation,
					"-weak_framework",
					CoreMedia,
					"-weak_library",
					/usr/lib/libSystem.B.dylib,
				);
				PRODUCT_NAME = "$(TARGET_NAME)";
				TARGETED_DEVICE_FAMILY = "1,2";
				WRAPPER_EXTENSION = app;
			};
			name = Debug;
		};
		5910F5F81447C11B004B16C5 /* Release */ = {
			isa = XCBuildConfiguration;
			buildSettings = {
				ALWAYS_SEARCH_USER_PATHS = YES;
				COPY_PHASE_STRIP = YES;
				DEBUG_INFORMATION_FORMAT = "dwarf-with-dsym";
				FRAMEWORK_SEARCH_PATHS = /Users/Shared/PhoneGap/Frameworks;
				GCC_PRECOMPILE_PREFIX_HEADER = YES;
				GCC_PREFIX_HEADER = "ContactChooser/ContactChooser-Prefix.pch";
				GCC_PREPROCESSOR_DEFINITIONS = "PHONEGAP_FRAMEWORK=YES";
				INFOPLIST_FILE = "ContactChooser/ContactChooser-Info.plist";
				OTHER_LDFLAGS = (
					"-weak_framework",
					UIKit,
					"-weak_framework",
					AVFoundation,
					"-weak_framework",
					CoreMedia,
					"-weak_library",
					/usr/lib/libSystem.B.dylib,
				);
				PRODUCT_NAME = "$(TARGET_NAME)";
				TARGETED_DEVICE_FAMILY = "1,2";
				VALIDATE_PRODUCT = YES;
				WRAPPER_EXTENSION = app;
			};
			name = Release;
		};
/* End XCBuildConfiguration section */

/* Begin XCConfigurationList section */
		5910F5A31447C11B004B16C5 /* Build configuration list for PBXProject "ContactChooser" */ = {
			isa = XCConfigurationList;
			buildConfigurations = (
				5910F5F41447C11B004B16C5 /* Debug */,
				5910F5F51447C11B004B16C5 /* Release */,
			);
			defaultConfigurationIsVisible = 0;
			defaultConfigurationName = Release;
		};
		5910F5F61447C11B004B16C5 /* Build configuration list for PBXNativeTarget "ContactChooser" */ = {
			isa = XCConfigurationList;
			buildConfigurations = (
				5910F5F71447C11B004B16C5 /* Debug */,
				5910F5F81447C11B004B16C5 /* Release */,
			);
			defaultConfigurationIsVisible = 0;
			defaultConfigurationName = Release;
		};
/* End XCConfigurationList section */
	};
	rootObject = 5910F5A01447C11B004B16C5 /* Project object */;
}
